
Microsoft Visual Studio Solution File, Format Version 12.00
# Visual Studio 15
VisualStudioVersion = 15.0.28307.271
MinimumVisualStudioVersion = 10.0.40219.1
Project("{8BC9CEB8-8B4A-11D0-8D11-00A0C91BC942}") = "DesignPattern", "DesignPattern\DesignPattern.vcxproj", "{D4E52A14-7DEE-4D31-BF44-9FF82BE6ACA0}"
EndProject
Project("{8BC9CEB8-8B4A-11D0-8D11-00A0C91BC942}") = "SimpleFactory", "SimpleFactory\SimpleFactory.vcxproj", "{4FE2A6CC-F620-42AE-850A-96F6ED5D66C8}"
EndProject
Project("{8BC9CEB8-8B4A-11D0-8D11-00A0C91BC942}") = "StrategyPattern", "StrategyFactory\StrategyFactory.vcxproj", "{0837FCAB-6447-469D-9317-EBD91E86A453}"
EndProject
Project("{8BC9CEB8-8B4A-11D0-8D11-00A0C91BC942}") = "DecorationPattern", "DecorationPattern\DecorationPattern.vcxproj", "{E1865D28-843D-43A1-B9B4-85E096E07605}"
EndProject
Project("{8BC9CEB8-8B4A-11D0-8D11-00A0C91BC942}") = "ProxyPattern", "ProxyPattern\ProxyPattern.vcxproj", "{4ADD134C-CC28-4F0D-9242-AFDCEA8625AF}"
EndProject
Project("{8BC9CEB8-8B4A-11D0-8D11-00A0C91BC942}") = "FactoryMethodPattern", "FactoryMethodPattern\FactoryMethodPattern.vcxproj", "{D95048D1-DB69-4E75-B6C8-C79AC46A92ED}"
EndProject
Project("{8BC9CEB8-8B4A-11D0-8D11-00A0C91BC942}") = "PrototypePattern", "PrototypePattern\PrototypePattern.vcxproj", "{F572144E-C9DF-4A57-887B-ED6F2EF7614C}"
EndProject
Project("{8BC9CEB8-8B4A-11D0-8D11-00A0C91BC942}") = "TemplateMethodPattern", "TemplateMethodPattern\TemplateMethodPattern.vcxproj", "{BDB4E4AC-C7C9-4950-B840-A69864CD5126}"
EndProject
Project("{8BC9CEB8-8B4A-11D0-8D11-00A0C91BC942}") = "FacadePattern", "FacadePattern\FacadePattern.vcxproj", "{965FEB9C-796B-4844-8B9D-CAACEE24DF78}"
EndProject
Project("{8BC9CEB8-8B4A-11D0-8D11-00A0C91BC942}") = "BuilderPattern", "BuilderPattern\BuilderPattern.vcxproj", "{D58EF717-3D1B-4640-A565-49ED3C25CCFA}"
EndProject
Project("{8BC9CEB8-8B4A-11D0-8D11-00A0C91BC942}") = "ObserverPattern", "ObserverPattern\ObserverPattern.vcxproj", "{8675F2B9-B5F7-42FF-96D6-EDE63B2C54EC}"
EndProject
Project("{8BC9CEB8-8B4A-11D0-8D11-00A0C91BC942}") = "AbstractFactoryPattern", "AbstractFactoryPattern\AbstractFactoryPattern.vcxproj", "{EF2113BC-8B66-4597-BE30-0088CB5048D4}"
EndProject
Project("{8BC9CEB8-8B4A-11D0-8D11-00A0C91BC942}") = "StatePattern", "StatePattern\StatePattern.vcxproj", "{18B914BB-2444-439F-B553-CBDF6231DB20}"
EndProject
Project("{8BC9CEB8-8B4A-11D0-8D11-00A0C91BC942}") = "AdapterPattern", "AdapterPattern\AdapterPattern.vcxproj", "{EA796BA6-56CD-48EC-B2A9-9F6D92664DE7}"
EndProject
Project("{8BC9CEB8-8B4A-11D0-8D11-00A0C91BC942}") = "MementoPattern", "MementoPattern\MementoPattern.vcxproj", "{75C631BD-8E15-4343-A16C-506273992203}"
EndProject
Project("{8BC9CEB8-8B4A-11D0-8D11-00A0C91BC942}") = "CompositePattern", "CompositePattern\CompositePattern.vcxproj", "{3A098973-DAF5-494D-A2F7-78C62AD78346}"
EndProject
Project("{8BC9CEB8-8B4A-11D0-8D11-00A0C91BC942}") = "IteratorPattern", "IteratorPattern\IteratorPattern.vcxproj", "{05B89CF3-2507-4031-ADCF-35BD22E74209}"
EndProject
Project("{8BC9CEB8-8B4A-11D0-8D11-00A0C91BC942}") = "SingletonPattern", "SingletonPattern\SingletonPattern.vcxproj", "{830E277E-B3DF-4FD7-8754-6CFC49EF06FE}"
EndProject
Project("{8BC9CEB8-8B4A-11D0-8D11-00A0C91BC942}") = "BridgePattern", "BridgePattern\BridgePattern.vcxproj", "{9D3C4397-A52B-4AAE-8C45-480A93D99AA1}"
EndProject
Project("{8BC9CEB8-8B4A-11D0-8D11-00A0C91BC942}") = "CommandPattern", "CommandPattern\CommandPattern.vcxproj", "{7E1A6004-46B6-4453-88DD-2DEAA8F2F94E}"
EndProject
Project("{8BC9CEB8-8B4A-11D0-8D11-00A0C91BC942}") = "ChainOfResponsibilityPattern", "ChainOfResponsibilityPattern\ChainOfResponsibilityPattern.vcxproj", "{5AB2DA98-166B-49E4-80D8-5755E887CD2E}"
EndProject
Project("{8BC9CEB8-8B4A-11D0-8D11-00A0C91BC942}") = "MediatorPattern", "MediatorPattern\MediatorPattern.vcxproj", "{7C869A09-5378-4D51-9CFA-A9D5ACDFBFBB}"
EndProject
Project("{8BC9CEB8-8B4A-11D0-8D11-00A0C91BC942}") = "FlyweightPattern", "FlyweightPattern\FlyweightPattern.vcxproj", "{FE89A6F6-2318-40FC-88AB-68B5BE5FD057}"
EndProject
Project("{8BC9CEB8-8B4A-11D0-8D11-00A0C91BC942}") = "VisitorPattern", "VisitorPattern\VisitorPattern.vcxproj", "{971CCD48-BEC6-40CB-89FC-123FB5CA8EC2}"
EndProject
Global
	GlobalSection(SolutionConfigurationPlatforms) = preSolution
		Debug|x64 = Debug|x64
		Debug|x86 = Debug|x86
		Release|x64 = Release|x64
		Release|x86 = Release|x86
	EndGlobalSection
	GlobalSection(ProjectConfigurationPlatforms) = postSolution
		{D4E52A14-7DEE-4D31-BF44-9FF82BE6ACA0}.Debug|x64.ActiveCfg = Debug|x64
		{D4E52A14-7DEE-4D31-BF44-9FF82BE6ACA0}.Debug|x64.Build.0 = Debug|x64
		{D4E52A14-7DEE-4D31-BF44-9FF82BE6ACA0}.Debug|x86.ActiveCfg = Debug|Win32
		{D4E52A14-7DEE-4D31-BF44-9FF82BE6ACA0}.Debug|x86.Build.0 = Debug|Win32
		{D4E52A14-7DEE-4D31-BF44-9FF82BE6ACA0}.Release|x64.ActiveCfg = Release|x64
		{D4E52A14-7DEE-4D31-BF44-9FF82BE6ACA0}.Release|x64.Build.0 = Release|x64
		{D4E52A14-7DEE-4D31-BF44-9FF82BE6ACA0}.Release|x86.ActiveCfg = Release|Win32
		{D4E52A14-7DEE-4D31-BF44-9FF82BE6ACA0}.Release|x86.Build.0 = Release|Win32
		{4FE2A6CC-F620-42AE-850A-96F6ED5D66C8}.Debug|x64.ActiveCfg = Debug|x64
		{4FE2A6CC-F620-42AE-850A-96F6ED5D66C8}.Debug|x64.Build.0 = Debug|x64
		{4FE2A6CC-F620-42AE-850A-96F6ED5D66C8}.Debug|x86.ActiveCfg = Debug|Win32
		{4FE2A6CC-F620-42AE-850A-96F6ED5D66C8}.Debug|x86.Build.0 = Debug|Win32
		{4FE2A6CC-F620-42AE-850A-96F6ED5D66C8}.Release|x64.ActiveCfg = Release|x64
		{4FE2A6CC-F620-42AE-850A-96F6ED5D66C8}.Release|x64.Build.0 = Release|x64
		{4FE2A6CC-F620-42AE-850A-96F6ED5D66C8}.Release|x86.ActiveCfg = Release|Win32
		{4FE2A6CC-F620-42AE-850A-96F6ED5D66C8}.Release|x86.Build.0 = Release|Win32
		{0837FCAB-6447-469D-9317-EBD91E86A453}.Debug|x64.ActiveCfg = Debug|x64
		{0837FCAB-6447-469D-9317-EBD91E86A453}.Debug|x64.Build.0 = Debug|x64
		{0837FCAB-6447-469D-9317-EBD91E86A453}.Debug|x86.ActiveCfg = Debug|Win32
		{0837FCAB-6447-469D-9317-EBD91E86A453}.Debug|x86.Build.0 = Debug|Win32
		{0837FCAB-6447-469D-9317-EBD91E86A453}.Release|x64.ActiveCfg = Release|x64
		{0837FCAB-6447-469D-9317-EBD91E86A453}.Release|x64.Build.0 = Release|x64
		{0837FCAB-6447-469D-9317-EBD91E86A453}.Release|x86.ActiveCfg = Release|Win32
		{0837FCAB-6447-469D-9317-EBD91E86A453}.Release|x86.Build.0 = Release|Win32
		{E1865D28-843D-43A1-B9B4-85E096E07605}.Debug|x64.ActiveCfg = Debug|x64
		{E1865D28-843D-43A1-B9B4-85E096E07605}.Debug|x64.Build.0 = Debug|x64
		{E1865D28-843D-43A1-B9B4-85E096E07605}.Debug|x86.ActiveCfg = Debug|Win32
		{E1865D28-843D-43A1-B9B4-85E096E07605}.Debug|x86.Build.0 = Debug|Win32
		{E1865D28-843D-43A1-B9B4-85E096E07605}.Release|x64.ActiveCfg = Release|x64
		{E1865D28-843D-43A1-B9B4-85E096E07605}.Release|x64.Build.0 = Release|x64
		{E1865D28-843D-43A1-B9B4-85E096E07605}.Release|x86.ActiveCfg = Release|Win32
		{E1865D28-843D-43A1-B9B4-85E096E07605}.Release|x86.Build.0 = Release|Win32
		{4ADD134C-CC28-4F0D-9242-AFDCEA8625AF}.Debug|x64.ActiveCfg = Debug|x64
		{4ADD134C-CC28-4F0D-9242-AFDCEA8625AF}.Debug|x64.Build.0 = Debug|x64
		{4ADD134C-CC28-4F0D-9242-AFDCEA8625AF}.Debug|x86.ActiveCfg = Debug|Win32
		{4ADD134C-CC28-4F0D-9242-AFDCEA8625AF}.Debug|x86.Build.0 = Debug|Win32
		{4ADD134C-CC28-4F0D-9242-AFDCEA8625AF}.Release|x64.ActiveCfg = Release|x64
		{4ADD134C-CC28-4F0D-9242-AFDCEA8625AF}.Release|x64.Build.0 = Release|x64
		{4ADD134C-CC28-4F0D-9242-AFDCEA8625AF}.Release|x86.ActiveCfg = Release|Win32
		{4ADD134C-CC28-4F0D-9242-AFDCEA8625AF}.Release|x86.Build.0 = Release|Win32
		{D95048D1-DB69-4E75-B6C8-C79AC46A92ED}.Debug|x64.ActiveCfg = Debug|x64
		{D95048D1-DB69-4E75-B6C8-C79AC46A92ED}.Debug|x64.Build.0 = Debug|x64
		{D95048D1-DB69-4E75-B6C8-C79AC46A92ED}.Debug|x86.ActiveCfg = Debug|Win32
		{D95048D1-DB69-4E75-B6C8-C79AC46A92ED}.Debug|x86.Build.0 = Debug|Win32
		{D95048D1-DB69-4E75-B6C8-C79AC46A92ED}.Release|x64.ActiveCfg = Release|x64
		{D95048D1-DB69-4E75-B6C8-C79AC46A92ED}.Release|x64.Build.0 = Release|x64
		{D95048D1-DB69-4E75-B6C8-C79AC46A92ED}.Release|x86.ActiveCfg = Release|Win32
		{D95048D1-DB69-4E75-B6C8-C79AC46A92ED}.Release|x86.Build.0 = Release|Win32
		{F572144E-C9DF-4A57-887B-ED6F2EF7614C}.Debug|x64.ActiveCfg = Debug|x64
		{F572144E-C9DF-4A57-887B-ED6F2EF7614C}.Debug|x64.Build.0 = Debug|x64
		{F572144E-C9DF-4A57-887B-ED6F2EF7614C}.Debug|x86.ActiveCfg = Debug|Win32
		{F572144E-C9DF-4A57-887B-ED6F2EF7614C}.Debug|x86.Build.0 = Debug|Win32
		{F572144E-C9DF-4A57-887B-ED6F2EF7614C}.Release|x64.ActiveCfg = Release|x64
		{F572144E-C9DF-4A57-887B-ED6F2EF7614C}.Release|x64.Build.0 = Release|x64
		{F572144E-C9DF-4A57-887B-ED6F2EF7614C}.Release|x86.ActiveCfg = Release|Win32
		{F572144E-C9DF-4A57-887B-ED6F2EF7614C}.Release|x86.Build.0 = Release|Win32
		{BDB4E4AC-C7C9-4950-B840-A69864CD5126}.Debug|x64.ActiveCfg = Debug|x64
		{BDB4E4AC-C7C9-4950-B840-A69864CD5126}.Debug|x64.Build.0 = Debug|x64
		{BDB4E4AC-C7C9-4950-B840-A69864CD5126}.Debug|x86.ActiveCfg = Debug|Win32
		{BDB4E4AC-C7C9-4950-B840-A69864CD5126}.Debug|x86.Build.0 = Debug|Win32
		{BDB4E4AC-C7C9-4950-B840-A69864CD5126}.Release|x64.ActiveCfg = Release|x64
		{BDB4E4AC-C7C9-4950-B840-A69864CD5126}.Release|x64.Build.0 = Release|x64
		{BDB4E4AC-C7C9-4950-B840-A69864CD5126}.Release|x86.ActiveCfg = Release|Win32
		{BDB4E4AC-C7C9-4950-B840-A69864CD5126}.Release|x86.Build.0 = Release|Win32
		{965FEB9C-796B-4844-8B9D-CAACEE24DF78}.Debug|x64.ActiveCfg = Debug|x64
		{965FEB9C-796B-4844-8B9D-CAACEE24DF78}.Debug|x64.Build.0 = Debug|x64
		{965FEB9C-796B-4844-8B9D-CAACEE24DF78}.Debug|x86.ActiveCfg = Debug|Win32
		{965FEB9C-796B-4844-8B9D-CAACEE24DF78}.Debug|x86.Build.0 = Debug|Win32
		{965FEB9C-796B-4844-8B9D-CAACEE24DF78}.Release|x64.ActiveCfg = Release|x64
		{965FEB9C-796B-4844-8B9D-CAACEE24DF78}.Release|x64.Build.0 = Release|x64
		{965FEB9C-796B-4844-8B9D-CAACEE24DF78}.Release|x86.ActiveCfg = Release|Win32
		{965FEB9C-796B-4844-8B9D-CAACEE24DF78}.Release|x86.Build.0 = Release|Win32
		{D58EF717-3D1B-4640-A565-49ED3C25CCFA}.Debug|x64.ActiveCfg = Debug|x64
		{D58EF717-3D1B-4640-A565-49ED3C25CCFA}.Debug|x64.Build.0 = Debug|x64
		{D58EF717-3D1B-4640-A565-49ED3C25CCFA}.Debug|x86.ActiveCfg = Debug|Win32
		{D58EF717-3D1B-4640-A565-49ED3C25CCFA}.Debug|x86.Build.0 = Debug|Win32
		{D58EF717-3D1B-4640-A565-49ED3C25CCFA}.Release|x64.ActiveCfg = Release|x64
		{D58EF717-3D1B-4640-A565-49ED3C25CCFA}.Release|x64.Build.0 = Release|x64
		{D58EF717-3D1B-4640-A565-49ED3C25CCFA}.Release|x86.ActiveCfg = Release|Win32
		{D58EF717-3D1B-4640-A565-49ED3C25CCFA}.Release|x86.Build.0 = Release|Win32
		{8675F2B9-B5F7-42FF-96D6-EDE63B2C54EC}.Debug|x64.ActiveCfg = Debug|x64
		{8675F2B9-B5F7-42FF-96D6-EDE63B2C54EC}.Debug|x64.Build.0 = Debug|x64
		{8675F2B9-B5F7-42FF-96D6-EDE63B2C54EC}.Debug|x86.ActiveCfg = Debug|Win32
		{8675F2B9-B5F7-42FF-96D6-EDE63B2C54EC}.Debug|x86.Build.0 = Debug|Win32
		{8675F2B9-B5F7-42FF-96D6-EDE63B2C54EC}.Release|x64.ActiveCfg = Release|x64
		{8675F2B9-B5F7-42FF-96D6-EDE63B2C54EC}.Release|x64.Build.0 = Release|x64
		{8675F2B9-B5F7-42FF-96D6-EDE63B2C54EC}.Release|x86.ActiveCfg = Release|Win32
		{8675F2B9-B5F7-42FF-96D6-EDE63B2C54EC}.Release|x86.Build.0 = Release|Win32
		{EF2113BC-8B66-4597-BE30-0088CB5048D4}.Debug|x64.ActiveCfg = Debug|x64
		{EF2113BC-8B66-4597-BE30-0088CB5048D4}.Debug|x64.Build.0 = Debug|x64
		{EF2113BC-8B66-4597-BE30-0088CB5048D4}.Debug|x86.ActiveCfg = Debug|Win32
		{EF2113BC-8B66-4597-BE30-0088CB5048D4}.Debug|x86.Build.0 = Debug|Win32
		{EF2113BC-8B66-4597-BE30-0088CB5048D4}.Release|x64.ActiveCfg = Release|x64
		{EF2113BC-8B66-4597-BE30-0088CB5048D4}.Release|x64.Build.0 = Release|x64
		{EF2113BC-8B66-4597-BE30-0088CB5048D4}.Release|x86.ActiveCfg = Release|Win32
		{EF2113BC-8B66-4597-BE30-0088CB5048D4}.Release|x86.Build.0 = Release|Win32
		{18B914BB-2444-439F-B553-CBDF6231DB20}.Debug|x64.ActiveCfg = Debug|x64
		{18B914BB-2444-439F-B553-CBDF6231DB20}.Debug|x64.Build.0 = Debug|x64
		{18B914BB-2444-439F-B553-CBDF6231DB20}.Debug|x86.ActiveCfg = Debug|Win32
		{18B914BB-2444-439F-B553-CBDF6231DB20}.Debug|x86.Build.0 = Debug|Win32
		{18B914BB-2444-439F-B553-CBDF6231DB20}.Release|x64.ActiveCfg = Release|x64
		{18B914BB-2444-439F-B553-CBDF6231DB20}.Release|x64.Build.0 = Release|x64
		{18B914BB-2444-439F-B553-CBDF6231DB20}.Release|x86.ActiveCfg = Release|Win32
		{18B914BB-2444-439F-B553-CBDF6231DB20}.Release|x86.Build.0 = Release|Win32
		{EA796BA6-56CD-48EC-B2A9-9F6D92664DE7}.Debug|x64.ActiveCfg = Debug|x64
		{EA796BA6-56CD-48EC-B2A9-9F6D92664DE7}.Debug|x64.Build.0 = Debug|x64
		{EA796BA6-56CD-48EC-B2A9-9F6D92664DE7}.Debug|x86.ActiveCfg = Debug|Win32
		{EA796BA6-56CD-48EC-B2A9-9F6D92664DE7}.Debug|x86.Build.0 = Debug|Win32
		{EA796BA6-56CD-48EC-B2A9-9F6D92664DE7}.Release|x64.ActiveCfg = Release|x64
		{EA796BA6-56CD-48EC-B2A9-9F6D92664DE7}.Release|x64.Build.0 = Release|x64
		{EA796BA6-56CD-48EC-B2A9-9F6D92664DE7}.Release|x86.ActiveCfg = Release|Win32
		{EA796BA6-56CD-48EC-B2A9-9F6D92664DE7}.Release|x86.Build.0 = Release|Win32
		{75C631BD-8E15-4343-A16C-506273992203}.Debug|x64.ActiveCfg = Debug|x64
		{75C631BD-8E15-4343-A16C-506273992203}.Debug|x64.Build.0 = Debug|x64
		{75C631BD-8E15-4343-A16C-506273992203}.Debug|x86.ActiveCfg = Debug|Win32
		{75C631BD-8E15-4343-A16C-506273992203}.Debug|x86.Build.0 = Debug|Win32
		{75C631BD-8E15-4343-A16C-506273992203}.Release|x64.ActiveCfg = Release|x64
		{75C631BD-8E15-4343-A16C-506273992203}.Release|x64.Build.0 = Release|x64
		{75C631BD-8E15-4343-A16C-506273992203}.Release|x86.ActiveCfg = Release|Win32
		{75C631BD-8E15-4343-A16C-506273992203}.Release|x86.Build.0 = Release|Win32
		{3A098973-DAF5-494D-A2F7-78C62AD78346}.Debug|x64.ActiveCfg = Debug|x64
		{3A098973-DAF5-494D-A2F7-78C62AD78346}.Debug|x64.Build.0 = Debug|x64
		{3A098973-DAF5-494D-A2F7-78C62AD78346}.Debug|x86.ActiveCfg = Debug|Win32
		{3A098973-DAF5-494D-A2F7-78C62AD78346}.Debug|x86.Build.0 = Debug|Win32
		{3A098973-DAF5-494D-A2F7-78C62AD78346}.Release|x64.ActiveCfg = Release|x64
		{3A098973-DAF5-494D-A2F7-78C62AD78346}.Release|x64.Build.0 = Release|x64
		{3A098973-DAF5-494D-A2F7-78C62AD78346}.Release|x86.ActiveCfg = Release|Win32
		{3A098973-DAF5-494D-A2F7-78C62AD78346}.Release|x86.Build.0 = Release|Win32
		{05B89CF3-2507-4031-ADCF-35BD22E74209}.Debug|x64.ActiveCfg = Debug|x64
		{05B89CF3-2507-4031-ADCF-35BD22E74209}.Debug|x64.Build.0 = Debug|x64
		{05B89CF3-2507-4031-ADCF-35BD22E74209}.Debug|x86.ActiveCfg = Debug|Win32
		{05B89CF3-2507-4031-ADCF-35BD22E74209}.Debug|x86.Build.0 = Debug|Win32
		{05B89CF3-2507-4031-ADCF-35BD22E74209}.Release|x64.ActiveCfg = Release|x64
		{05B89CF3-2507-4031-ADCF-35BD22E74209}.Release|x64.Build.0 = Release|x64
		{05B89CF3-2507-4031-ADCF-35BD22E74209}.Release|x86.ActiveCfg = Release|Win32
		{05B89CF3-2507-4031-ADCF-35BD22E74209}.Release|x86.Build.0 = Release|Win32
		{830E277E-B3DF-4FD7-8754-6CFC49EF06FE}.Debug|x64.ActiveCfg = Debug|x64
		{830E277E-B3DF-4FD7-8754-6CFC49EF06FE}.Debug|x64.Build.0 = Debug|x64
		{830E277E-B3DF-4FD7-8754-6CFC49EF06FE}.Debug|x86.ActiveCfg = Debug|Win32
		{830E277E-B3DF-4FD7-8754-6CFC49EF06FE}.Debug|x86.Build.0 = Debug|Win32
		{830E277E-B3DF-4FD7-8754-6CFC49EF06FE}.Release|x64.ActiveCfg = Release|x64
		{830E277E-B3DF-4FD7-8754-6CFC49EF06FE}.Release|x64.Build.0 = Release|x64
		{830E277E-B3DF-4FD7-8754-6CFC49EF06FE}.Release|x86.ActiveCfg = Release|Win32
		{830E277E-B3DF-4FD7-8754-6CFC49EF06FE}.Release|x86.Build.0 = Release|Win32
		{9D3C4397-A52B-4AAE-8C45-480A93D99AA1}.Debug|x64.ActiveCfg = Debug|x64
		{9D3C4397-A52B-4AAE-8C45-480A93D99AA1}.Debug|x64.Build.0 = Debug|x64
		{9D3C4397-A52B-4AAE-8C45-480A93D99AA1}.Debug|x86.ActiveCfg = Debug|Win32
		{9D3C4397-A52B-4AAE-8C45-480A93D99AA1}.Debug|x86.Build.0 = Debug|Win32
		{9D3C4397-A52B-4AAE-8C45-480A93D99AA1}.Release|x64.ActiveCfg = Release|x64
		{9D3C4397-A52B-4AAE-8C45-480A93D99AA1}.Release|x64.Build.0 = Release|x64
		{9D3C4397-A52B-4AAE-8C45-480A93D99AA1}.Release|x86.ActiveCfg = Release|Win32
		{9D3C4397-A52B-4AAE-8C45-480A93D99AA1}.Release|x86.Build.0 = Release|Win32
		{7E1A6004-46B6-4453-88DD-2DEAA8F2F94E}.Debug|x64.ActiveCfg = Debug|x64
		{7E1A6004-46B6-4453-88DD-2DEAA8F2F94E}.Debug|x64.Build.0 = Debug|x64
		{7E1A6004-46B6-4453-88DD-2DEAA8F2F94E}.Debug|x86.ActiveCfg = Debug|Win32
		{7E1A6004-46B6-4453-88DD-2DEAA8F2F94E}.Debug|x86.Build.0 = Debug|Win32
		{7E1A6004-46B6-4453-88DD-2DEAA8F2F94E}.Release|x64.ActiveCfg = Release|x64
		{7E1A6004-46B6-4453-88DD-2DEAA8F2F94E}.Release|x64.Build.0 = Release|x64
		{7E1A6004-46B6-4453-88DD-2DEAA8F2F94E}.Release|x86.ActiveCfg = Release|Win32
		{7E1A6004-46B6-4453-88DD-2DEAA8F2F94E}.Release|x86.Build.0 = Release|Win32
		{5AB2DA98-166B-49E4-80D8-5755E887CD2E}.Debug|x64.ActiveCfg = Debug|x64
		{5AB2DA98-166B-49E4-80D8-5755E887CD2E}.Debug|x64.Build.0 = Debug|x64
		{5AB2DA98-166B-49E4-80D8-5755E887CD2E}.Debug|x86.ActiveCfg = Debug|Win32
		{5AB2DA98-166B-49E4-80D8-5755E887CD2E}.Debug|x86.Build.0 = Debug|Win32
		{5AB2DA98-166B-49E4-80D8-5755E887CD2E}.Release|x64.ActiveCfg = Release|x64
		{5AB2DA98-166B-49E4-80D8-5755E887CD2E}.Release|x64.Build.0 = Release|x64
		{5AB2DA98-166B-49E4-80D8-5755E887CD2E}.Release|x86.ActiveCfg = Release|Win32
		{5AB2DA98-166B-49E4-80D8-5755E887CD2E}.Release|x86.Build.0 = Release|Win32
		{7C869A09-5378-4D51-9CFA-A9D5ACDFBFBB}.Debug|x64.ActiveCfg = Debug|x64
		{7C869A09-5378-4D51-9CFA-A9D5ACDFBFBB}.Debug|x64.Build.0 = Debug|x64
		{7C869A09-5378-4D51-9CFA-A9D5ACDFBFBB}.Debug|x86.ActiveCfg = Debug|Win32
		{7C869A09-5378-4D51-9CFA-A9D5ACDFBFBB}.Debug|x86.Build.0 = Debug|Win32
		{7C869A09-5378-4D51-9CFA-A9D5ACDFBFBB}.Release|x64.ActiveCfg = Release|x64
		{7C869A09-5378-4D51-9CFA-A9D5ACDFBFBB}.Release|x64.Build.0 = Release|x64
		{7C869A09-5378-4D51-9CFA-A9D5ACDFBFBB}.Release|x86.ActiveCfg = Release|Win32
		{7C869A09-5378-4D51-9CFA-A9D5ACDFBFBB}.Release|x86.Build.0 = Release|Win32
		{FE89A6F6-2318-40FC-88AB-68B5BE5FD057}.Debug|x64.ActiveCfg = Debug|x64
		{FE89A6F6-2318-40FC-88AB-68B5BE5FD057}.Debug|x64.Build.0 = Debug|x64
		{FE89A6F6-2318-40FC-88AB-68B5BE5FD057}.Debug|x86.ActiveCfg = Debug|Win32
		{FE89A6F6-2318-40FC-88AB-68B5BE5FD057}.Debug|x86.Build.0 = Debug|Win32
		{FE89A6F6-2318-40FC-88AB-68B5BE5FD057}.Release|x64.ActiveCfg = Release|x64
		{FE89A6F6-2318-40FC-88AB-68B5BE5FD057}.Release|x64.Build.0 = Release|x64
		{FE89A6F6-2318-40FC-88AB-68B5BE5FD057}.Release|x86.ActiveCfg = Release|Win32
		{FE89A6F6-2318-40FC-88AB-68B5BE5FD057}.Release|x86.Build.0 = Release|Win32
		{971CCD48-BEC6-40CB-89FC-123FB5CA8EC2}.Debug|x64.ActiveCfg = Debug|x64
		{971CCD48-BEC6-40CB-89FC-123FB5CA8EC2}.Debug|x64.Build.0 = Debug|x64
		{971CCD48-BEC6-40CB-89FC-123FB5CA8EC2}.Debug|x86.ActiveCfg = Debug|Win32
		{971CCD48-BEC6-40CB-89FC-123FB5CA8EC2}.Debug|x86.Build.0 = Debug|Win32
		{971CCD48-BEC6-40CB-89FC-123FB5CA8EC2}.Release|x64.ActiveCfg = Release|x64
		{971CCD48-BEC6-40CB-89FC-123FB5CA8EC2}.Release|x64.Build.0 = Release|x64
		{971CCD48-BEC6-40CB-89FC-123FB5CA8EC2}.Release|x86.ActiveCfg = Release|Win32
		{971CCD48-BEC6-40CB-89FC-123FB5CA8EC2}.Release|x86.Build.0 = Release|Win32
	EndGlobalSection
	GlobalSection(SolutionProperties) = preSolution
		HideSolutionNode = FALSE
	EndGlobalSection
	GlobalSection(ExtensibilityGlobals) = postSolution
		SolutionGuid = {09EA9646-8136-4DE5-82D3-42A6F53B7A0C}
	EndGlobalSection
EndGlobal
